// !$*UTF8*$!
{
	archiveVersion = 1;
	classes = {
	};
	objectVersion = 50;
	objects = {

/* Begin PBXBuildFile section */
		21CFB88B2948A95700C8F4A0 /* AppDelegate.swift in Sources */ = {isa = PBXBuildFile; fileRef = 21CFB88A2948A95700C8F4A0 /* AppDelegate.swift */; };
		21CFB88D2948A95700C8F4A0 /* SceneDelegate.swift in Sources */ = {isa = PBXBuildFile; fileRef = 21CFB88C2948A95700C8F4A0 /* SceneDelegate.swift */; };
		21CFB88F2948A95700C8F4A0 /* ViewController.swift in Sources */ = {isa = PBXBuildFile; fileRef = 21CFB88E2948A95700C8F4A0 /* ViewController.swift */; };
		21CFB8922948A95700C8F4A0 /* Main.storyboard in Resources */ = {isa = PBXBuildFile; fileRef = 21CFB8902948A95700C8F4A0 /* Main.storyboard */; };
		21CFB8952948A95700C8F4A0 /* TipCalculator.xcdatamodeld in Sources */ = {isa = PBXBuildFile; fileRef = 21CFB8932948A95700C8F4A0 /* TipCalculator.xcdatamodeld */; };
		21CFB8972948A95800C8F4A0 /* Assets.xcassets in Resources */ = {isa = PBXBuildFile; fileRef = 21CFB8962948A95800C8F4A0 /* Assets.xcassets */; };
		21CFB89A2948A95800C8F4A0 /* LaunchScreen.storyboard in Resources */ = {isa = PBXBuildFile; fileRef = 21CFB8982948A95800C8F4A0 /* LaunchScreen.storyboard */; };
		21CFB8A52948A95800C8F4A0 /* TipCalculatorTests.swift in Sources */ = {isa = PBXBuildFile; fileRef = 21CFB8A42948A95800C8F4A0 /* TipCalculatorTests.swift */; };
		21CFB8B02948A95800C8F4A0 /* TipCalculatorUITests.swift in Sources */ = {isa = PBXBuildFile; fileRef = 21CFB8AF2948A95800C8F4A0 /* TipCalculatorUITests.swift */; };
/* End PBXBuildFile section */

/* Begin PBXContainerItemProxy section */
		21CFB8A12948A95800C8F4A0 /* PBXContainerItemProxy */ = {
			isa = PBXContainerItemProxy;
			containerPortal = 21CFB87F2948A95700C8F4A0 /* Project object */;
			proxyType = 1;
			remoteGlobalIDString = 21CFB8862948A95700C8F4A0;
			remoteInfo = TipCalculator;
		};
		21CFB8AC2948A95800C8F4A0 /* PBXContainerItemProxy */ = {
			isa = PBXContainerItemProxy;
			containerPortal = 21CFB87F2948A95700C8F4A0 /* Project object */;
			proxyType = 1;
			remoteGlobalIDString = 21CFB8862948A95700C8F4A0;
			remoteInfo = TipCalculator;
		};
/* End PBXContainerItemProxy section */

/* Begin PBXFileReference section */
		21CFB8872948A95700C8F4A0 /* TipCalculator.app */ = {isa = PBXFileReference; explicitFileType = wrapper.application; includeInIndex = 0; path = TipCalculator.app; sourceTree = BUILT_PRODUCTS_DIR; };
		21CFB88A2948A95700C8F4A0 /* AppDelegate.swift */ = {isa = PBXFileReference; lastKnownFileType = sourcecode.swift; path = AppDelegate.swift; sourceTree = "<group>"; };
		21CFB88C2948A95700C8F4A0 /* SceneDelegate.swift */ = {isa = PBXFileReference; lastKnownFileType = sourcecode.swift; path = SceneDelegate.swift; sourceTree = "<group>"; };
		21CFB88E2948A95700C8F4A0 /* ViewController.swift */ = {isa = PBXFileReference; lastKnownFileType = sourcecode.swift; path = ViewController.swift; sourceTree = "<group>"; };
		21CFB8912948A95700C8F4A0 /* Base */ = {isa = PBXFileReference; lastKnownFileType = file.storyboard; name = Base; path = Base.lproj/Main.storyboard; sourceTree = "<group>"; };
		21CFB8942948A95700C8F4A0 /* TipCalculator.xcdatamodel */ = {isa = PBXFileReference; lastKnownFileType = wrapper.xcdatamodel; path = TipCalculator.xcdatamodel; sourceTree = "<group>"; };
		21CFB8962948A95800C8F4A0 /* Assets.xcassets */ = {isa = PBXFileReference; lastKnownFileType = folder.assetcatalog; path = Assets.xcassets; sourceTree = "<group>"; };
		21CFB8992948A95800C8F4A0 /* Base */ = {isa = PBXFileReference; lastKnownFileType = file.storyboard; name = Base; path = Base.lproj/LaunchScreen.storyboard; sourceTree = "<group>"; };
		21CFB89B2948A95800C8F4A0 /* Info.plist */ = {isa = PBXFileReference; lastKnownFileType = text.plist.xml; path = Info.plist; sourceTree = "<group>"; };
		21CFB8A02948A95800C8F4A0 /* TipCalculatorTests.xctest */ = {isa = PBXFileReference; explicitFileType = wrapper.cfbundle; includeInIndex = 0; path = TipCalculatorTests.xctest; sourceTree = BUILT_PRODUCTS_DIR; };
		21CFB8A42948A95800C8F4A0 /* TipCalculatorTests.swift */ = {isa = PBXFileReference; lastKnownFileType = sourcecode.swift; path = TipCalculatorTests.swift; sourceTree = "<group>"; };
		21CFB8A62948A95800C8F4A0 /* Info.plist */ = {isa = PBXFileReference; lastKnownFileType = text.plist.xml; path = Info.plist; sourceTree = "<group>"; };
		21CFB8AB2948A95800C8F4A0 /* TipCalculatorUITests.xctest */ = {isa = PBXFileReference; explicitFileType = wrapper.cfbundle; includeInIndex = 0; path = TipCalculatorUITests.xctest; sourceTree = BUILT_PRODUCTS_DIR; };
		21CFB8AF2948A95800C8F4A0 /* TipCalculatorUITests.swift */ = {isa = PBXFileReference; lastKnownFileType = sourcecode.swift; path = TipCalculatorUITests.swift; sourceTree = "<group>"; };
		21CFB8B12948A95800C8F4A0 /* Info.plist */ = {isa = PBXFileReference; lastKnownFileType = text.plist.xml; path = Info.plist; sourceTree = "<group>"; };
/* End PBXFileReference section */

/* Begin PBXFrameworksBuildPhase section */
		21CFB8842948A95700C8F4A0 /* Frameworks */ = {
			isa = PBXFrameworksBuildPhase;
			buildActionMask = 2147483647;
			files = (
			);
			runOnlyForDeploymentPostprocessing = 0;
		};
		21CFB89D2948A95800C8F4A0 /* Frameworks */ = {
			isa = PBXFrameworksBuildPhase;
			buildActionMask = 2147483647;
			files = (
			);
			runOnlyForDeploymentPostprocessing = 0;
		};
		21CFB8A82948A95800C8F4A0 /* Frameworks */ = {
			isa = PBXFrameworksBuildPhase;
			buildActionMask = 2147483647;
			files = (
			);
			runOnlyForDeploymentPostprocessing = 0;
		};
/* End PBXFrameworksBuildPhase section */

/* Begin PBXGroup section */
		21CFB87E2948A95700C8F4A0 = {
			isa = PBXGroup;
			children = (
				21CFB8892948A95700C8F4A0 /* TipCalculator */,
				21CFB8A32948A95800C8F4A0 /* TipCalculatorTests */,
				21CFB8AE2948A95800C8F4A0 /* TipCalculatorUITests */,
				21CFB8882948A95700C8F4A0 /* Products */,
			);
			sourceTree = "<group>";
		};
		21CFB8882948A95700C8F4A0 /* Products */ = {
			isa = PBXGroup;
			children = (
				21CFB8872948A95700C8F4A0 /* TipCalculator.app */,
				21CFB8A02948A95800C8F4A0 /* TipCalculatorTests.xctest */,
				21CFB8AB2948A95800C8F4A0 /* TipCalculatorUITests.xctest */,
			);
			name = Products;
			sourceTree = "<group>";
		};
		21CFB8892948A95700C8F4A0 /* TipCalculator */ = {
			isa = PBXGroup;
			children = (
				21CFB88A2948A95700C8F4A0 /* AppDelegate.swift */,
				21CFB88C2948A95700C8F4A0 /* SceneDelegate.swift */,
				21CFB88E2948A95700C8F4A0 /* ViewController.swift */,
				21CFB8902948A95700C8F4A0 /* Main.storyboard */,
				21CFB8962948A95800C8F4A0 /* Assets.xcassets */,
				21CFB8982948A95800C8F4A0 /* LaunchScreen.storyboard */,
				21CFB89B2948A95800C8F4A0 /* Info.plist */,
				21CFB8932948A95700C8F4A0 /* TipCalculator.xcdatamodeld */,
			);
			path = TipCalculator;
			sourceTree = "<group>";
		};
		21CFB8A32948A95800C8F4A0 /* TipCalculatorTests */ = {
			isa = PBXGroup;
			children = (
				21CFB8A42948A95800C8F4A0 /* TipCalculatorTests.swift */,
				21CFB8A62948A95800C8F4A0 /* Info.plist */,
			);
			path = TipCalculatorTests;
			sourceTree = "<group>";
		};
		21CFB8AE2948A95800C8F4A0 /* TipCalculatorUITests */ = {
			isa = PBXGroup;
			children = (
				21CFB8AF2948A95800C8F4A0 /* TipCalculatorUITests.swift */,
				21CFB8B12948A95800C8F4A0 /* Info.plist */,
			);
			path = TipCalculatorUITests;
			sourceTree = "<group>";
		};
/* End PBXGroup section */

/* Begin PBXNativeTarget section */
		21CFB8862948A95700C8F4A0 /* TipCalculator */ = {
			isa = PBXNativeTarget;
			buildConfigurationList = 21CFB8B42948A95800C8F4A0 /* Build configuration list for PBXNativeTarget "TipCalculator" */;
			buildPhases = (
				21CFB8832948A95700C8F4A0 /* Sources */,
				21CFB8842948A95700C8F4A0 /* Frameworks */,
				21CFB8852948A95700C8F4A0 /* Resources */,
			);
			buildRules = (
			);
			dependencies = (
			);
			name = TipCalculator;
			productName = TipCalculator;
			productReference = 21CFB8872948A95700C8F4A0 /* TipCalculator.app */;
			productType = "com.apple.product-type.application";
		};
		21CFB89F2948A95800C8F4A0 /* TipCalculatorTests */ = {
			isa = PBXNativeTarget;
			buildConfigurationList = 21CFB8B72948A95800C8F4A0 /* Build configuration list for PBXNativeTarget "TipCalculatorTests" */;
			buildPhases = (
				21CFB89C2948A95800C8F4A0 /* Sources */,
				21CFB89D2948A95800C8F4A0 /* Frameworks */,
				21CFB89E2948A95800C8F4A0 /* Resources */,
			);
			buildRules = (
			);
			dependencies = (
				21CFB8A22948A95800C8F4A0 /* PBXTargetDependency */,
			);
			name = TipCalculatorTests;
			productName = TipCalculatorTests;
			productReference = 21CFB8A02948A95800C8F4A0 /* TipCalculatorTests.xctest */;
			productType = "com.apple.product-type.bundle.unit-test";
		};
		21CFB8AA2948A95800C8F4A0 /* TipCalculatorUITests */ = {
			isa = PBXNativeTarget;
			buildConfigurationList = 21CFB8BA2948A95800C8F4A0 /* Build configuration list for PBXNativeTarget "TipCalculatorUITests" */;
			buildPhases = (
				21CFB8A72948A95800C8F4A0 /* Sources */,
				21CFB8A82948A95800C8F4A0 /* Frameworks */,
				21CFB8A92948A95800C8F4A0 /* Resources */,
			);
			buildRules = (
			);
			dependencies = (
				21CFB8AD2948A95800C8F4A0 /* PBXTargetDependency */,
			);
			name = TipCalculatorUITests;
			productName = TipCalculatorUITests;
			productReference = 21CFB8AB2948A95800C8F4A0 /* TipCalculatorUITests.xctest */;
			productType = "com.apple.product-type.bundle.ui-testing";
		};
/* End PBXNativeTarget section */

/* Begin PBXProject section */
		21CFB87F2948A95700C8F4A0 /* Project object */ = {
			isa = PBXProject;
			attributes = {
				LastSwiftUpdateCheck = 1250;
				LastUpgradeCheck = 1250;
				TargetAttributes = {
					21CFB8862948A95700C8F4A0 = {
						CreatedOnToolsVersion = 12.5.1;
					};
					21CFB89F2948A95800C8F4A0 = {
						CreatedOnToolsVersion = 12.5.1;
						TestTargetID = 21CFB8862948A95700C8F4A0;
					};
					21CFB8AA2948A95800C8F4A0 = {
						CreatedOnToolsVersion = 12.5.1;
						TestTargetID = 21CFB8862948A95700C8F4A0;
					};
				};
			};
			buildConfigurationList = 21CFB8822948A95700C8F4A0 /* Build configuration list for PBXProject "TipCalculator" */;
			compatibilityVersion = "Xcode 9.3";
			developmentRegion = en;
			hasScannedForEncodings = 0;
			knownRegions = (
				en,
				Base,
			);
			mainGroup = 21CFB87E2948A95700C8F4A0;
			productRefGroup = 21CFB8882948A95700C8F4A0 /* Products */;
			projectDirPath = "";
			projectRoot = "";
			targets = (
				21CFB8862948A95700C8F4A0 /* TipCalculator */,
				21CFB89F2948A95800C8F4A0 /* TipCalculatorTests */,
				21CFB8AA2948A95800C8F4A0 /* TipCalculatorUITests */,
			);
		};
/* End PBXProject section */

/* Begin PBXResourcesBuildPhase section */
		21CFB8852948A95700C8F4A0 /* Resources */ = {
			isa = PBXResourcesBuildPhase;
			buildActionMask = 2147483647;
			files = (
				21CFB89A2948A95800C8F4A0 /* LaunchScreen.storyboard in Resources */,
				21CFB8972948A95800C8F4A0 /* Assets.xcassets in Resources */,
				21CFB8922948A95700C8F4A0 /* Main.storyboard in Resources */,
			);
			runOnlyForDeploymentPostprocessing = 0;
		};
		21CFB89E2948A95800C8F4A0 /* Resources */ = {
			isa = PBXResourcesBuildPhase;
			buildActionMask = 2147483647;
			files = (
			);
			runOnlyForDeploymentPostprocessing = 0;
		};
		21CFB8A92948A95800C8F4A0 /* Resources */ = {
			isa = PBXResourcesBuildPhase;
			buildActionMask = 2147483647;
			files = (
			);
			runOnlyForDeploymentPostprocessing = 0;
		};
/* End PBXResourcesBuildPhase section */

/* Begin PBXSourcesBuildPhase section */
		21CFB8832948A95700C8F4A0 /* Sources */ = {
			isa = PBXSourcesBuildPhase;
			buildActionMask = 2147483647;
			files = (
				21CFB88F2948A95700C8F4A0 /* ViewController.swift in Sources */,
				21CFB8952948A95700C8F4A0 /* TipCalculator.xcdatamodeld in Sources */,
				21CFB88B2948A95700C8F4A0 /* AppDelegate.swift in Sources */,
				21CFB88D2948A95700C8F4A0 /* SceneDelegate.swift in Sources */,
			);
			runOnlyForDeploymentPostprocessing = 0;
		};
		21CFB89C2948A95800C8F4A0 /* Sources */ = {
			isa = PBXSourcesBuildPhase;
			buildActionMask = 2147483647;
			files = (
				21CFB8A52948A95800C8F4A0 /* TipCalculatorTests.swift in Sources */,
			);
			runOnlyForDeploymentPostprocessing = 0;
		};
		21CFB8A72948A95800C8F4A0 /* Sources */ = {
			isa = PBXSourcesBuildPhase;
			buildActionMask = 2147483647;
			files = (
				21CFB8B02948A95800C8F4A0 /* TipCalculatorUITests.swift in Sources */,
			);
			runOnlyForDeploymentPostprocessing = 0;
		};
/* End PBXSourcesBuildPhase section */

/* Begin PBXTargetDependency section */
		21CFB8A22948A95800C8F4A0 /* PBXTargetDependency */ = {
			isa = PBXTargetDependency;
			target = 21CFB8862948A95700C8F4A0 /* TipCalculator */;
			targetProxy = 21CFB8A12948A95800C8F4A0 /* PBXContainerItemProxy */;
		};
		21CFB8AD2948A95800C8F4A0 /* PBXTargetDependency */ = {
			isa = PBXTargetDependency;
			target = 21CFB8862948A95700C8F4A0 /* TipCalculator */;
			targetProxy = 21CFB8AC2948A95800C8F4A0 /* PBXContainerItemProxy */;
		};
/* End PBXTargetDependency section */

/* Begin PBXVariantGroup section */
		21CFB8902948A95700C8F4A0 /* Main.storyboard */ = {
			isa = PBXVariantGroup;
			children = (
				21CFB8912948A95700C8F4A0 /* Base */,
			);
			name = Main.storyboard;
			sourceTree = "<group>";
		};
		21CFB8982948A95800C8F4A0 /* LaunchScreen.storyboard */ = {
			isa = PBXVariantGroup;
			children = (
				21CFB8992948A95800C8F4A0 /* Base */,
			);
			name = LaunchScreen.storyboard;
			sourceTree = "<group>";
		};
/* End PBXVariantGroup section */

/* Begin XCBuildConfiguration section */
		21CFB8B22948A95800C8F4A0 /* Debug */ = {
			isa = XCBuildConfiguration;
			buildSettings = {
				ALWAYS_SEARCH_USER_PATHS = NO;
				CLANG_ANALYZER_NONNULL = YES;
				CLANG_ANALYZER_NUMBER_OBJECT_CONVERSION = YES_AGGRESSIVE;
				CLANG_CXX_LANGUAGE_STANDARD = "gnu++14";
				CLANG_CXX_LIBRARY = "libc++";
				CLANG_ENABLE_MODULES = YES;
				CLANG_ENABLE_OBJC_ARC = YES;
				CLANG_ENABLE_OBJC_WEAK = YES;
				CLANG_WARN_BLOCK_CAPTURE_AUTORELEASING = YES;
				CLANG_WARN_BOOL_CONVERSION = YES;
				CLANG_WARN_COMMA = YES;
				CLANG_WARN_CONSTANT_CONVERSION = YES;
				CLANG_WARN_DEPRECATED_OBJC_IMPLEMENTATIONS = YES;
				CLANG_WARN_DIRECT_OBJC_ISA_USAGE = YES_ERROR;
				CLANG_WARN_DOCUMENTATION_COMMENTS = YES;
				CLANG_WARN_EMPTY_BODY = YES;
				CLANG_WARN_ENUM_CONVERSION = YES;
				CLANG_WARN_INFINITE_RECURSION = YES;
				CLANG_WARN_INT_CONVERSION = YES;
				CLANG_WARN_NON_LITERAL_NULL_CONVERSION = YES;
				CLANG_WARN_OBJC_IMPLICIT_RETAIN_SELF = YES;
				CLANG_WARN_OBJC_LITERAL_CONVERSION = YES;
				CLANG_WARN_OBJC_ROOT_CLASS = YES_ERROR;
				CLANG_WARN_QUOTED_INCLUDE_IN_FRAMEWORK_HEADER = YES;
				CLANG_WARN_RANGE_LOOP_ANALYSIS = YES;
				CLANG_WARN_STRICT_PROTOTYPES = YES;
				CLANG_WARN_SUSPICIOUS_MOVE = YES;
				CLANG_WARN_UNGUARDED_AVAILABILITY = YES_AGGRESSIVE;
				CLANG_WARN_UNREACHABLE_CODE = YES;
				CLANG_WARN__DUPLICATE_METHOD_MATCH = YES;
				COPY_PHASE_STRIP = NO;
				DEBUG_INFORMATION_FORMAT = dwarf;
				ENABLE_STRICT_OBJC_MSGSEND = YES;
				ENABLE_TESTABILITY = YES;
				GCC_C_LANGUAGE_STANDARD = gnu11;
				GCC_DYNAMIC_NO_PIC = NO;
				GCC_NO_COMMON_BLOCKS = YES;
				GCC_OPTIMIZATION_LEVEL = 0;
				GCC_PREPROCESSOR_DEFINITIONS = (
					"DEBUG=1",
					"$(inherited)",
				);
				GCC_WARN_64_TO_32_BIT_CONVERSION = YES;
				GCC_WARN_ABOUT_RETURN_TYPE = YES_ERROR;
				GCC_WARN_UNDECLARED_SELECTOR = YES;
				GCC_WARN_UNINITIALIZED_AUTOS = YES_AGGRESSIVE;
				GCC_WARN_UNUSED_FUNCTION = YES;
				GCC_WARN_UNUSED_VARIABLE = YES;
				IPHONEOS_DEPLOYMENT_TARGET = 14.5;
				MTL_ENABLE_DEBUG_INFO = INCLUDE_SOURCE;
				MTL_FAST_MATH = YES;
				ONLY_ACTIVE_ARCH = YES;
				SDKROOT = iphoneos;
				SWIFT_ACTIVE_COMPILATION_CONDITIONS = DEBUG;
				SWIFT_OPTIMIZATION_LEVEL = "-Onone";
			};
			name = Debug;
		};
		21CFB8B32948A95800C8F4A0 /* Release */ = {
			isa = XCBuildConfiguration;
			buildSettings = {
				ALWAYS_SEARCH_USER_PATHS = NO;
				CLANG_ANALYZER_NONNULL = YES;
				CLANG_ANALYZER_NUMBER_OBJECT_CONVERSION = YES_AGGRESSIVE;
				CLANG_CXX_LANGUAGE_STANDARD = "gnu++14";
				CLANG_CXX_LIBRARY = "libc++";
				CLANG_ENABLE_MODULES = YES;
				CLANG_ENABLE_OBJC_ARC = YES;
				CLANG_ENABLE_OBJC_WEAK = YES;
				CLANG_WARN_BLOCK_CAPTURE_AUTORELEASING = YES;
				CLANG_WARN_BOOL_CONVERSION = YES;
				CLANG_WARN_COMMA = YES;
				CLANG_WARN_CONSTANT_CONVERSION = YES;
				CLANG_WARN_DEPRECATED_OBJC_IMPLEMENTATIONS = YES;
				CLANG_WARN_DIRECT_OBJC_ISA_USAGE = YES_ERROR;
				CLANG_WARN_DOCUMENTATION_COMMENTS = YES;
				CLANG_WARN_EMPTY_BODY = YES;
				CLANG_WARN_ENUM_CONVERSION = YES;
				CLANG_WARN_INFINITE_RECURSION = YES;
				CLANG_WARN_INT_CONVERSION = YES;
				CLANG_WARN_NON_LITERAL_NULL_CONVERSION = YES;
				CLANG_WARN_OBJC_IMPLICIT_RETAIN_SELF = YES;
				CLANG_WARN_OBJC_LITERAL_CONVERSION = YES;
				CLANG_WARN_OBJC_ROOT_CLASS = YES_ERROR;
				CLANG_WARN_QUOTED_INCLUDE_IN_FRAMEWORK_HEADER = YES;
				CLANG_WARN_RANGE_LOOP_ANALYSIS = YES;
				CLANG_WARN_STRICT_PROTOTYPES = YES;
				CLANG_WARN_SUSPICIOUS_MOVE = YES;
				CLANG_WARN_UNGUARDED_AVAILABILITY = YES_AGGRESSIVE;
				CLANG_WARN_UNREACHABLE_CODE = YES;
				CLANG_WARN__DUPLICATE_METHOD_MATCH = YES;
				COPY_PHASE_STRIP = NO;
				DEBUG_INFORMATION_FORMAT = "dwarf-with-dsym";
				ENABLE_NS_ASSERTIONS = NO;
				ENABLE_STRICT_OBJC_MSGSEND = YES;
				GCC_C_LANGUAGE_STANDARD = gnu11;
				GCC_NO_COMMON_BLOCKS = YES;
				GCC_WARN_64_TO_32_BIT_CONVERSION = YES;
				GCC_WARN_ABOUT_RETURN_TYPE = YES_ERROR;
				GCC_WARN_UNDECLARED_SELECTOR = YES;
				GCC_WARN_UNINITIALIZED_AUTOS = YES_AGGRESSIVE;
				GCC_WARN_UNUSED_FUNCTION = YES;
				GCC_WARN_UNUSED_VARIABLE = YES;
				IPHONEOS_DEPLOYMENT_TARGET = 14.5;
				MTL_ENABLE_DEBUG_INFO = NO;
				MTL_FAST_MATH = YES;
				SDKROOT = iphoneos;
				SWIFT_COMPILATION_MODE = wholemodule;
				SWIFT_OPTIMIZATION_LEVEL = "-O";
				VALIDATE_PRODUCT = YES;
			};
			name = Release;
		};
		21CFB8B52948A95800C8F4A0 /* Debug */ = {
			isa = XCBuildConfiguration;
			buildSettings = {
				ASSETCATALOG_COMPILER_APPICON_NAME = AppIcon;
				ASSETCATALOG_COMPILER_GLOBAL_ACCENT_COLOR_NAME = AccentColor;
				CODE_SIGN_STYLE = Automatic;
				DEVELOPMENT_TEAM = 3BX64U658L;
				INFOPLIST_FILE = TipCalculator/Info.plist;
				LD_RUNPATH_SEARCH_PATHS = (
					"$(inherited)",
					"@executable_path/Frameworks",
				);
				PRODUCT_BUNDLE_IDENTIFIER = com.melih.test1.TipCalculator;
				PRODUCT_NAME = "$(TARGET_NAME)";
				SWIFT_VERSION = 5.0;
				TARGETED_DEVICE_FAMILY = "1,2";
			};
			name = Debug;
		};
		21CFB8B62948A95800C8F4A0 /* Release */ = {
			isa = XCBuildConfiguration;
			buildSettings = {
				ASSETCATALOG_COMPILER_APPICON_NAME = AppIcon;
				ASSETCATALOG_COMPILER_GLOBAL_ACCENT_COLOR_NAME = AccentColor;
				CODE_SIGN_STYLE = Automatic;
				DEVELOPMENT_TEAM = 3BX64U658L;
				INFOPLIST_FILE = TipCalculator/Info.plist;
				LD_RUNPATH_SEARCH_PATHS = (
					"$(inherited)",
					"@executable_path/Frameworks",
				);
				PRODUCT_BUNDLE_IDENTIFIER = com.melih.test1.TipCalculator;
				PRODUCT_NAME = "$(TARGET_NAME)";
				SWIFT_VERSION = 5.0;
				TARGETED_DEVICE_FAMILY = "1,2";
			};
			name = Release;
		};
		21CFB8B82948A95800C8F4A0 /* Debug */ = {
			isa = XCBuildConfiguration;
			buildSettings = {
				ALWAYS_EMBED_SWIFT_STANDARD_LIBRARIES = YES;
				BUNDLE_LOADER = "$(TEST_HOST)";
				CODE_SIGN_STYLE = Automatic;
				DEVELOPMENT_TEAM = 3BX64U658L;
				INFOPLIST_FILE = TipCalculatorTests/Info.plist;
				IPHONEOS_DEPLOYMENT_TARGET = 14.5;
				LD_RUNPATH_SEARCH_PATHS = (
					"$(inherited)",
					"@executable_path/Frameworks",
					"@loader_path/Frameworks",
				);
				PRODUCT_BUNDLE_IDENTIFIER = com.melih.test1.TipCalculatorTests;
				PRODUCT_NAME = "$(TARGET_NAME)";
				SWIFT_VERSION = 5.0;
				TARGETED_DEVICE_FAMILY = "1,2";
				TEST_HOST = "$(BUILT_PRODUCTS_DIR)/TipCalculator.app/TipCalculator";
			};
			name = Debug;
		};
		21CFB8B92948A95800C8F4A0 /* Release */ = {
			isa = XCBuildConfiguration;
			buildSettings = {
				ALWAYS_EMBED_SWIFT_STANDARD_LIBRARIES = YES;
				BUNDLE_LOADER = "$(TEST_HOST)";
				CODE_SIGN_STYLE = Automatic;
				DEVELOPMENT_TEAM = 3BX64U658L;
				INFOPLIST_FILE = TipCalculatorTests/Info.plist;
				IPHONEOS_DEPLOYMENT_TARGET = 14.5;
				LD_RUNPATH_SEARCH_PATHS = (
					"$(inherited)",
					"@executable_path/Frameworks",
					"@loader_path/Frameworks",
				);
				PRODUCT_BUNDLE_IDENTIFIER = com.melih.test1.TipCalculatorTests;
				PRODUCT_NAME = "$(TARGET_NAME)";
				SWIFT_VERSION = 5.0;
				TARGETED_DEVICE_FAMILY = "1,2";
				TEST_HOST = "$(BUILT_PRODUCTS_DIR)/TipCalculator.app/TipCalculator";
			};
			name = Release;
		};
		21CFB8BB2948A95800C8F4A0 /* Debug */ = {
			isa = XCBuildConfiguration;
			buildSettings = {
				ALWAYS_EMBED_SWIFT_STANDARD_LIBRARIES = YES;
				CODE_SIGN_STYLE = Automatic;
				DEVELOPMENT_TEAM = 3BX64U658L;
				INFOPLIST_FILE = TipCalculatorUITests/Info.plist;
				LD_RUNPATH_SEARCH_PATHS = (
					"$(inherited)",
					"@executable_path/Frameworks",
					"@loader_path/Frameworks",
				);
				PRODUCT_BUNDLE_IDENTIFIER = com.melih.test1.TipCalculatorUITests;
				PRODUCT_NAME = "$(TARGET_NAME)";
				SWIFT_VERSION = 5.0;
				TARGETED_DEVICE_FAMILY = "1,2";
				TEST_TARGET_NAME = TipCalculator;
			};
			name = Debug;
		};
		21CFB8BC2948A95800C8F4A0 /* Release */ = {
			isa = XCBuildConfiguration;
			buildSettings = {
				ALWAYS_EMBED_SWIFT_STANDARD_LIBRARIES = YES;
				CODE_SIGN_STYLE = Automatic;
				DEVELOPMENT_TEAM = 3BX64U658L;
				INFOPLIST_FILE = TipCalculatorUITests/Info.plist;
				LD_RUNPATH_SEARCH_PATHS = (
					"$(inherited)",
					"@executable_path/Frameworks",
					"@loader_path/Frameworks",
				);
				PRODUCT_BUNDLE_IDENTIFIER = com.melih.test1.TipCalculatorUITests;
				PRODUCT_NAME = "$(TARGET_NAME)";
				SWIFT_VERSION = 5.0;
				TARGETED_DEVICE_FAMILY = "1,2";
				TEST_TARGET_NAME = TipCalculator;
			};
			name = Release;
		};
/* End XCBuildConfiguration section */

/* Begin XCConfigurationList section */
		21CFB8822948A95700C8F4A0 /* Build configuration list for PBXProject "TipCalculator" */ = {
			isa = XCConfigurationList;
			buildConfigurations = (
				21CFB8B22948A95800C8F4A0 /* Debug */,
				21CFB8B32948A95800C8F4A0 /* Release */,
			);
			defaultConfigurationIsVisible = 0;
			defaultConfigurationName = Release;
		};
		21CFB8B42948A95800C8F4A0 /* Build configuration list for PBXNativeTarget "TipCalculator" */ = {
			isa = XCConfigurationList;
			buildConfigurations = (
				21CFB8B52948A95800C8F4A0 /* Debug */,
				21CFB8B62948A95800C8F4A0 /* Release */,
			);
			defaultConfigurationIsVisible = 0;
			defaultConfigurationName = Release;
		};
		21CFB8B72948A95800C8F4A0 /* Build configuration list for PBXNativeTarget "TipCalculatorTests" */ = {
			isa = XCConfigurationList;
			buildConfigurations = (
				21CFB8B82948A95800C8F4A0 /* Debug */,
				21CFB8B92948A95800C8F4A0 /* Release */,
			);
			defaultConfigurationIsVisible = 0;
			defaultConfigurationName = Release;
		};
		21CFB8BA2948A95800C8F4A0 /* Build configuration list for PBXNativeTarget "TipCalculatorUITests" */ = {
			isa = XCConfigurationList;
			buildConfigurations = (
				21CFB8BB2948A95800C8F4A0 /* Debug */,
				21CFB8BC2948A95800C8F4A0 /* Release */,
			);
			defaultConfigurationIsVisible = 0;
			defaultConfigurationName = Release;
		};
/* End XCConfigurationList section */

/* Begin XCVersionGroup section */
		21CFB8932948A95700C8F4A0 /* TipCalculator.xcdatamodeld */ = {
			isa = XCVersionGroup;
			children = (
				21CFB8942948A95700C8F4A0 /* TipCalculator.xcdatamodel */,
			);
			currentVersion = 21CFB8942948A95700C8F4A0 /* TipCalculator.xcdatamodel */;
			path = TipCalculator.xcdatamodeld;
			sourceTree = "<group>";
			versionGroupType = wrapper.xcdatamodel;
		};
/* End XCVersionGroup section */
	};
	rootObject = 21CFB87F2948A95700C8F4A0 /* Project object */;
}
